
Microsoft Visual Studio Solution File, Format Version 12.00
# Visual Studio Version 17
VisualStudioVersion = 17.2.32630.192
MinimumVisualStudioVersion = 10.0.40219.1
Project("{9A19103F-16F7-4668-BE54-9A1E7A4F7556}") = "R5T.S0102", "R5T.S0102\R5T.S0102.csproj", "{8C9BEC8B-B8CD-4054-9C3E-011A5ABD13B0}"
EndProject
Project("{2150E333-8FDC-42A3-9474-1A3956D46DE8}") = "_Dependencies", "_Dependencies", "{90565B0A-5093-4CCD-A2D2-1A1E9CBF55B5}"
EndProject
Project("{9A19103F-16F7-4668-BE54-9A1E7A4F7556}") = "R5T.T0131", "..\..\R5T.T0131\source\R5T.T0131\R5T.T0131.csproj", "{DE6690CE-4AAF-418E-B701-670F93F42BDF}"
EndProject
Project("{9A19103F-16F7-4668-BE54-9A1E7A4F7556}") = "R5T.T0132", "..\..\R5T.T0132\source\R5T.T0132\R5T.T0132.csproj", "{730A423A-C07F-4619-BA8A-AD4C02C94526}"
EndProject
Project("{9A19103F-16F7-4668-BE54-9A1E7A4F7556}") = "R5T.T0143", "..\..\R5T.T0143\source\R5T.T0143\R5T.T0143.csproj", "{C724EBD1-D503-408C-93CA-65ED519F38A2}"
EndProject
Project("{9A19103F-16F7-4668-BE54-9A1E7A4F7556}") = "R5T.T0178", "..\..\R5T.T0178\source\R5T.T0178\R5T.T0178.csproj", "{DAFF3AD4-04BE-4296-A953-5275143AC52E}"
EndProject
Project("{9A19103F-16F7-4668-BE54-9A1E7A4F7556}") = "R5T.T0179", "..\..\R5T.T0179\source\R5T.T0179\R5T.T0179.csproj", "{6B37E1B9-9BAC-40CF-9817-67A94464A479}"
EndProject
Project("{9A19103F-16F7-4668-BE54-9A1E7A4F7556}") = "R5T.T0215.Z000", "..\..\R5T.T0215\source\R5T.T0215.Z000\R5T.T0215.Z000.csproj", "{F65CD5FA-7570-48B3-93CA-9242F8AF1CCB}"
EndProject
Project("{9A19103F-16F7-4668-BE54-9A1E7A4F7556}") = "R5T.T0215", "..\..\R5T.T0215\source\R5T.T0215\R5T.T0215.csproj", "{C25FCEE3-4E18-4E18-8CCD-3B5695D339C6}"
EndProject
Project("{9A19103F-16F7-4668-BE54-9A1E7A4F7556}") = "R5T.T0218", "..\..\R5T.T0218\source\R5T.T0218\R5T.T0218.csproj", "{8CC16D43-8AEE-4F05-B9AE-AF93E3D75C82}"
EndProject
Project("{9A19103F-16F7-4668-BE54-9A1E7A4F7556}") = "R5T.Z0057", "..\..\R5T.Z0057\source\R5T.Z0057\R5T.Z0057.csproj", "{47DEF697-BF13-456C-A355-B452596B20D1}"
EndProject
Project("{9A19103F-16F7-4668-BE54-9A1E7A4F7556}") = "R5T.F0000", "..\..\R5T.F0000\source\R5T.F0000\R5T.F0000.csproj", "{B8CDB681-925C-44FF-AAF7-337ED1E5BD9B}"
EndProject
Project("{9A19103F-16F7-4668-BE54-9A1E7A4F7556}") = "R5T.F0002", "..\..\R5T.F0002\source\R5T.F0002\R5T.F0002.csproj", "{68114996-9261-4203-8EEC-0C027BE9A942}"
EndProject
Project("{9A19103F-16F7-4668-BE54-9A1E7A4F7556}") = "R5T.F0059", "..\..\R5T.F0059\source\R5T.F0059\R5T.F0059.csproj", "{4A922E87-D059-496E-BC50-1302BE8B9561}"
EndProject
Project("{9A19103F-16F7-4668-BE54-9A1E7A4F7556}") = "R5T.F0120", "..\..\R5T.F0120\source\R5T.F0120\R5T.F0120.csproj", "{A24D628A-629E-463F-AAFF-FACB57228493}"
EndProject
Project("{9A19103F-16F7-4668-BE54-9A1E7A4F7556}") = "R5T.F0124", "..\..\R5T.F0124\source\R5T.F0124\R5T.F0124.csproj", "{806DB0FB-9B7C-447A-A2A3-7C392508D857}"
EndProject
Project("{9A19103F-16F7-4668-BE54-9A1E7A4F7556}") = "R5T.F0125", "..\..\R5T.F0125\source\R5T.F0125\R5T.F0125.csproj", "{8F7FCFDD-A0C9-4D79-9860-48C3F0C97234}"
EndProject
Project("{9A19103F-16F7-4668-BE54-9A1E7A4F7556}") = "R5T.F0138", "..\..\R5T.F0138\source\R5T.F0138\R5T.F0138.csproj", "{C35F6F12-4EE7-48D2-95DB-E2BCBCD76938}"
EndProject
Project("{9A19103F-16F7-4668-BE54-9A1E7A4F7556}") = "R5T.F0139", "..\..\R5T.F0139\source\R5T.F0139\R5T.F0139.csproj", "{4AB6A1CC-430B-433E-86D3-710F50657AAE}"
EndProject
Project("{9A19103F-16F7-4668-BE54-9A1E7A4F7556}") = "R5T.F0140", "..\..\R5T.F0140\source\R5T.F0140\R5T.F0140.csproj", "{33A39418-E034-454B-A5B3-7704115D4985}"
EndProject
Project("{9A19103F-16F7-4668-BE54-9A1E7A4F7556}") = "R5T.L0030.T000", "..\..\R5T.L0030\source\R5T.L0030.T000\R5T.L0030.T000.csproj", "{BE84163D-7D73-44FA-B6AF-9EBD65D9EDEA}"
EndProject
Project("{9A19103F-16F7-4668-BE54-9A1E7A4F7556}") = "R5T.L0030", "..\..\R5T.L0030\source\R5T.L0030\R5T.L0030.csproj", "{F496E43E-58CD-47D8-B55F-FE8C81819054}"
EndProject
Project("{9A19103F-16F7-4668-BE54-9A1E7A4F7556}") = "R5T.L0034", "..\..\R5T.L0034\source\R5T.L0034\R5T.L0034.csproj", "{0653E0DF-A737-4265-B3BD-1310C96BDB5C}"
EndProject
Project("{9A19103F-16F7-4668-BE54-9A1E7A4F7556}") = "R5T.L0035", "..\..\R5T.L0035\source\R5T.L0035\R5T.L0035.csproj", "{8DA553DC-D4A4-4EDE-87DC-A967DA685669}"
EndProject
Project("{9A19103F-16F7-4668-BE54-9A1E7A4F7556}") = "R5T.NG0006", "..\..\R5T.NG0006\source\R5T.NG0006\R5T.NG0006.csproj", "{7396646F-0AEE-433E-A69D-8B0155AE517D}"
EndProject
Project("{9A19103F-16F7-4668-BE54-9A1E7A4F7556}") = "R5T.NG0022", "..\..\R5T.NG0022\source\R5T.NG0022\R5T.NG0022.csproj", "{D9024958-2115-41E0-A439-2331E2B4D208}"
EndProject
Project("{9A19103F-16F7-4668-BE54-9A1E7A4F7556}") = "R5T.T0142", "..\..\R5T.T0142\source\R5T.T0142\R5T.T0142.csproj", "{E5AA4F9F-E01B-4997-BD8E-D90CCD9D4E0D}"
EndProject
Project("{9A19103F-16F7-4668-BE54-9A1E7A4F7556}") = "R5T.T0150", "..\..\R5T.T0150\source\R5T.T0150\R5T.T0150.csproj", "{E931D4FA-6472-44F2-B339-D728DFA479F0}"
EndProject
Project("{9A19103F-16F7-4668-BE54-9A1E7A4F7556}") = "R5T.T0151", "..\..\R5T.T0151\source\R5T.T0151\R5T.T0151.csproj", "{C2380F35-EDA1-4922-A851-56A17665C6EE}"
EndProject
Project("{9A19103F-16F7-4668-BE54-9A1E7A4F7556}") = "R5T.T0156", "..\..\R5T.T0156\source\R5T.T0156\R5T.T0156.csproj", "{1A7D211D-B098-4E9D-8AA2-EB26E2E90752}"
EndProject
Project("{9A19103F-16F7-4668-BE54-9A1E7A4F7556}") = "R5T.T0158", "..\..\R5T.T0158\source\R5T.T0158\R5T.T0158.csproj", "{1E241C40-E0B6-4758-B36D-9249A14EEFAF}"
EndProject
Project("{9A19103F-16F7-4668-BE54-9A1E7A4F7556}") = "R5T.T0159", "..\..\R5T.T0159\source\R5T.T0159\R5T.T0159.csproj", "{264B8E1A-8993-4269-A204-DD762E334924}"
EndProject
Project("{9A19103F-16F7-4668-BE54-9A1E7A4F7556}") = "R5T.T0172", "..\..\R5T.T0172\source\R5T.T0172\R5T.T0172.csproj", "{DA3AB152-3AD7-49FC-A060-D96F2D241A3E}"
EndProject
Project("{9A19103F-16F7-4668-BE54-9A1E7A4F7556}") = "R5T.T0174", "..\..\R5T.T0174\source\R5T.T0174\R5T.T0174.csproj", "{B1560407-1E34-48A4-93DB-7C312FF75124}"
EndProject
Project("{9A19103F-16F7-4668-BE54-9A1E7A4F7556}") = "R5T.T0176", "..\..\R5T.T0176\source\R5T.T0176\R5T.T0176.csproj", "{64854F06-DB32-4423-B2FD-627A1C6A7D31}"
EndProject
Project("{9A19103F-16F7-4668-BE54-9A1E7A4F7556}") = "R5T.T0177", "..\..\R5T.T0177\source\R5T.T0177\R5T.T0177.csproj", "{2485D492-C103-4324-B979-FA542E2DC79B}"
EndProject
Project("{9A19103F-16F7-4668-BE54-9A1E7A4F7556}") = "R5T.T0180", "..\..\R5T.T0180\source\R5T.T0180\R5T.T0180.csproj", "{2A75DE73-609C-4072-B664-8454DCE978AC}"
EndProject
Project("{9A19103F-16F7-4668-BE54-9A1E7A4F7556}") = "R5T.T0181", "..\..\R5T.T0181\source\R5T.T0181\R5T.T0181.csproj", "{B4809813-D167-4CC1-90FD-A6E247A0BEAD}"
EndProject
Project("{9A19103F-16F7-4668-BE54-9A1E7A4F7556}") = "R5T.T0185", "..\..\R5T.T0185\source\R5T.T0185\R5T.T0185.csproj", "{CCF2037B-9561-4FB9-892B-09F5A52CBAB7}"
EndProject
Project("{9A19103F-16F7-4668-BE54-9A1E7A4F7556}") = "R5T.T0199", "..\..\R5T.T0199\source\R5T.T0199\R5T.T0199.csproj", "{ADDC3282-0531-4AB0-B69A-C37C419B146A}"
EndProject
Project("{9A19103F-16F7-4668-BE54-9A1E7A4F7556}") = "R5T.T0203", "..\..\R5T.T0203\source\R5T.T0203\R5T.T0203.csproj", "{E34F3BF5-59AF-45E9-9827-9C554DA27910}"
EndProject
Project("{9A19103F-16F7-4668-BE54-9A1E7A4F7556}") = "R5T.T0214.Z001", "..\..\R5T.T0214\source\R5T.T0214.Z001\R5T.T0214.Z001.csproj", "{F0E537CB-48AF-494A-B67F-4AB9327488CC}"
EndProject
Project("{9A19103F-16F7-4668-BE54-9A1E7A4F7556}") = "R5T.T0214", "..\..\R5T.T0214\source\R5T.T0214\R5T.T0214.csproj", "{F10520C9-321D-4D4C-9D71-6B452DBF6F39}"
EndProject
Project("{9A19103F-16F7-4668-BE54-9A1E7A4F7556}") = "R5T.T0216.F001", "..\..\R5T.T0216\source\R5T.T0216.F001\R5T.T0216.F001.csproj", "{603FBC62-1D90-4BA0-9AAF-55DC53CE0F1B}"
EndProject
Project("{9A19103F-16F7-4668-BE54-9A1E7A4F7556}") = "R5T.T0216", "..\..\R5T.T0216\source\R5T.T0216\R5T.T0216.csproj", "{10495A26-7E52-4B8D-820B-BF8E7EFC4EFB}"
EndProject
Project("{9A19103F-16F7-4668-BE54-9A1E7A4F7556}") = "R5T.T0217.F001", "..\..\R5T.T0217\source\R5T.T0217.F001\R5T.T0217.F001.csproj", "{FB52AFA7-A8C7-40C0-9323-37C8CF08C83A}"
EndProject
Project("{9A19103F-16F7-4668-BE54-9A1E7A4F7556}") = "R5T.T0217", "..\..\R5T.T0217\source\R5T.T0217\R5T.T0217.csproj", "{1D08B487-9E61-496B-B049-20B0DCCCD828}"
EndProject
Project("{9A19103F-16F7-4668-BE54-9A1E7A4F7556}") = "R5T.T0219", "..\..\R5T.T0219\source\R5T.T0219\R5T.T0219.csproj", "{DEA25B6D-D3CF-4251-AB3F-3BC44C06DA5F}"
EndProject
Project("{9A19103F-16F7-4668-BE54-9A1E7A4F7556}") = "R5T.T0220", "..\..\R5T.T0220\source\R5T.T0220\R5T.T0220.csproj", "{F38B3213-ACCA-499A-9174-23BD94D09055}"
EndProject
Project("{9A19103F-16F7-4668-BE54-9A1E7A4F7556}") = "R5T.T0221", "..\..\R5T.T0221\source\R5T.T0221\R5T.T0221.csproj", "{2D21A0D9-9C9D-47EF-B890-F3F107CA5989}"
EndProject
Project("{9A19103F-16F7-4668-BE54-9A1E7A4F7556}") = "R5T.Y0000", "..\..\R5T.Y0000\source\R5T.Y0000\R5T.Y0000.csproj", "{4816BCE8-F5D2-4E97-8E2F-0A4346B7FA0C}"
EndProject
Project("{9A19103F-16F7-4668-BE54-9A1E7A4F7556}") = "R5T.Z0000", "..\..\R5T.Z0000\source\R5T.Z0000\R5T.Z0000.csproj", "{849B5377-E330-4AAD-9E0B-6F8CD0A09467}"
EndProject
Project("{9A19103F-16F7-4668-BE54-9A1E7A4F7556}") = "R5T.Z0044.Z000", "..\..\R5T.Z0044\source\R5T.Z0044.Z000\R5T.Z0044.Z000.csproj", "{753A2B35-9C9C-42A9-BAFB-0938804FBD6C}"
EndProject
Project("{9A19103F-16F7-4668-BE54-9A1E7A4F7556}") = "R5T.Z0058", "..\..\R5T.Z0058\source\R5T.Z0058\R5T.Z0058.csproj", "{22EAD0B9-716C-469B-89E6-4EA0D47009D8}"
EndProject
Project("{9A19103F-16F7-4668-BE54-9A1E7A4F7556}") = "R5T.F0035.F001", "..\..\R5T.F0035\source\R5T.F0035.F001\R5T.F0035.F001.csproj", "{118DABE5-D4FF-4A26-9E18-FCD9C19219BB}"
EndProject
Project("{9A19103F-16F7-4668-BE54-9A1E7A4F7556}") = "R5T.NG0002", "..\..\R5T.NG0002\source\R5T.NG0002\R5T.NG0002.csproj", "{D57AFB41-E31C-4C88-AD7F-28113807540D}"
EndProject
Project("{9A19103F-16F7-4668-BE54-9A1E7A4F7556}") = "R5T.NG0007", "..\..\R5T.NG0007\source\R5T.NG0007\R5T.NG0007.csproj", "{ABDCFC3F-C2BC-465E-8BDB-6D6B75E8961B}"
EndProject
Project("{9A19103F-16F7-4668-BE54-9A1E7A4F7556}") = "R5T.T0148", "..\..\R5T.T0148\source\R5T.T0148\R5T.T0148.csproj", "{4988B986-3554-4701-91E8-9EACE3180997}"
EndProject
Project("{9A19103F-16F7-4668-BE54-9A1E7A4F7556}") = "R5T.T0158.F000", "..\..\R5T.T0158\source\R5T.T0158.F000\R5T.T0158.F000.csproj", "{8F731847-6E7E-46B3-B7B4-7C44F3BE07B9}"
EndProject
Project("{9A19103F-16F7-4668-BE54-9A1E7A4F7556}") = "R5T.T0158.T000", "..\..\R5T.T0158\source\R5T.T0158.T000\R5T.T0158.T000.csproj", "{1E78A585-FB2D-42A7-990F-EB90643F6B55}"
EndProject
Project("{9A19103F-16F7-4668-BE54-9A1E7A4F7556}") = "R5T.T0159.F000", "..\..\R5T.T0159\source\R5T.T0159.F000\R5T.T0159.F000.csproj", "{5DF99CF4-C28D-40FC-8EF3-2B624E557284}"
EndProject
Project("{9A19103F-16F7-4668-BE54-9A1E7A4F7556}") = "R5T.Z0015", "..\..\R5T.Z0015\source\R5T.Z0015\R5T.Z0015.csproj", "{D79434A9-9E1D-40C4-811E-18B9069ECFE3}"
EndProject
Project("{9A19103F-16F7-4668-BE54-9A1E7A4F7556}") = "R5T.T0162", "..\..\R5T.T0162\source\R5T.T0162\R5T.T0162.csproj", "{F0949EBC-0AF5-4C15-862A-23CC515F8F73}"
EndProject
Project("{9A19103F-16F7-4668-BE54-9A1E7A4F7556}") = "R5T.T0211", "..\..\R5T.T0211\source\R5T.T0211\R5T.T0211.csproj", "{1AB92E2C-E2B3-478F-A73A-627988EC52F8}"
EndProject
Project("{9A19103F-16F7-4668-BE54-9A1E7A4F7556}") = "R5T.T0212.F000", "..\..\R5T.T0212\source\R5T.T0212.F000\R5T.T0212.F000.csproj", "{3B5F0452-453B-4CC3-8BB8-33A4198BFD37}"
EndProject
Project("{9A19103F-16F7-4668-BE54-9A1E7A4F7556}") = "R5T.T0212.Z000", "..\..\R5T.T0212\source\R5T.T0212.Z000\R5T.T0212.Z000.csproj", "{2CBB0D8F-2B05-4D02-8ACC-C952BAD9896D}"
EndProject
Project("{9A19103F-16F7-4668-BE54-9A1E7A4F7556}") = "R5T.T0212", "..\..\R5T.T0212\source\R5T.T0212\R5T.T0212.csproj", "{E1117128-80EB-4A30-8E8B-65E5F889F5E2}"
EndProject
Project("{9A19103F-16F7-4668-BE54-9A1E7A4F7556}") = "R5T.T0213", "..\..\R5T.T0213\source\R5T.T0213\R5T.T0213.csproj", "{A28F95E7-C2F8-417B-B083-0C25436BBDA9}"
EndProject
Project("{9A19103F-16F7-4668-BE54-9A1E7A4F7556}") = "R5T.F0033", "..\..\R5T.F0033\source\R5T.F0033\R5T.F0033.csproj", "{9EB26742-9FE1-46F7-B982-F4D80B8BC54C}"
EndProject
Project("{9A19103F-16F7-4668-BE54-9A1E7A4F7556}") = "R5T.Z0022", "..\..\R5T.Z0022.Private\source\R5T.Z0022\R5T.Z0022.csproj", "{5A8BA4CA-6978-4BCA-865D-AE0074875086}"
EndProject
Project("{9A19103F-16F7-4668-BE54-9A1E7A4F7556}") = "R5T.F0050", "..\..\R5T.F0050\source\R5T.F0050\R5T.F0050.csproj", "{6C69FFEE-BAA8-40CB-8BF7-CB43CA716962}"
EndProject
Project("{9A19103F-16F7-4668-BE54-9A1E7A4F7556}") = "R5T.F0082", "..\..\R5T.F0082\source\R5T.F0082\R5T.F0082.csproj", "{CFC89BE0-D24A-4F19-9175-514C40892763}"
EndProject
Project("{9A19103F-16F7-4668-BE54-9A1E7A4F7556}") = "R5T.F0016.F001", "..\..\R5T.F0016\source\R5T.F0016.F001\R5T.F0016.F001.csproj", "{A498473A-767D-44D6-9183-162D4F518952}"
EndProject
Project("{9A19103F-16F7-4668-BE54-9A1E7A4F7556}") = "R5T.F0016", "..\..\R5T.F0016\source\R5T.F0016\R5T.F0016.csproj", "{8BF4C8B6-45EF-48AE-826E-A9308999D725}"
EndProject
Project("{9A19103F-16F7-4668-BE54-9A1E7A4F7556}") = "R5T.F0020", "..\..\R5T.F0020\source\R5T.F0020\R5T.F0020.csproj", "{190C2583-2DDC-4B71-A0C3-29F7792AD279}"
EndProject
Project("{9A19103F-16F7-4668-BE54-9A1E7A4F7556}") = "R5T.F0026", "..\..\R5T.F0026\source\R5T.F0026\R5T.F0026.csproj", "{096A9ED8-8704-4664-ADBE-0E7E24407D64}"
EndProject
Project("{9A19103F-16F7-4668-BE54-9A1E7A4F7556}") = "R5T.F0027", "..\..\R5T.F0027\source\R5T.F0027\R5T.F0027.csproj", "{1805A76B-C070-424F-BD8A-13445CA2A03D}"
EndProject
Project("{9A19103F-16F7-4668-BE54-9A1E7A4F7556}") = "R5T.F0032", "..\..\R5T.F0032\source\R5T.F0032\R5T.F0032.csproj", "{2F810BB1-6424-4CCB-8FAE-F82948D3D9A5}"
EndProject
Project("{9A19103F-16F7-4668-BE54-9A1E7A4F7556}") = "R5T.F0040.F000", "..\..\R5T.F0040\source\R5T.F0040.F000\R5T.F0040.F000.csproj", "{488F824C-A15D-4071-9704-A1080751841C}"
EndProject
Project("{9A19103F-16F7-4668-BE54-9A1E7A4F7556}") = "R5T.F0040", "..\..\R5T.F0040\source\R5T.F0040\R5T.F0040.csproj", "{5181DDB9-9FF1-4AF6-80E5-641F380429BA}"
EndProject
Project("{9A19103F-16F7-4668-BE54-9A1E7A4F7556}") = "R5T.F0052", "..\..\R5T.F0052\source\R5T.F0052\R5T.F0052.csproj", "{477926EB-8303-45FF-8032-AE3DEB411A13}"
EndProject
Project("{9A19103F-16F7-4668-BE54-9A1E7A4F7556}") = "R5T.F0053", "..\..\R5T.F0053\source\R5T.F0053\R5T.F0053.csproj", "{75CE259F-E954-443E-B742-1C26AA4A2D38}"
EndProject
Project("{9A19103F-16F7-4668-BE54-9A1E7A4F7556}") = "R5T.F0054", "..\..\R5T.F0054\source\R5T.F0054\R5T.F0054.csproj", "{DCAC3CEC-F4E2-4DEE-ACAD-C3310C7FA741}"
EndProject
Project("{9A19103F-16F7-4668-BE54-9A1E7A4F7556}") = "R5T.F0076", "..\..\R5T.F0076\source\R5T.F0076\R5T.F0076.csproj", "{C720B07E-2C7B-4B84-94EF-167D1261227D}"
EndProject
Project("{9A19103F-16F7-4668-BE54-9A1E7A4F7556}") = "R5T.F0077", "..\..\R5T.F0077\source\R5T.F0077\R5T.F0077.csproj", "{F8B12DAD-49B6-417C-B397-A4CA1349EA71}"
EndProject
Project("{9A19103F-16F7-4668-BE54-9A1E7A4F7556}") = "R5T.F0112", "..\..\R5T.F0112\source\R5T.F0112\R5T.F0112.csproj", "{B1D568C7-0F3C-4288-A270-EFD97F09C5E5}"
EndProject
Project("{9A19103F-16F7-4668-BE54-9A1E7A4F7556}") = "R5T.F0115", "..\..\R5T.F0115\source\R5T.F0115\R5T.F0115.csproj", "{0C6A8692-92A0-4B96-A948-99ACACBDDBE9}"
EndProject
Project("{9A19103F-16F7-4668-BE54-9A1E7A4F7556}") = "R5T.NG0008", "..\..\R5T.NG0008\source\R5T.NG0008\R5T.NG0008.csproj", "{3F36D5AF-4215-41FB-86CF-3F5BD8D3A79D}"
EndProject
Project("{9A19103F-16F7-4668-BE54-9A1E7A4F7556}") = "R5T.T0152", "..\..\R5T.T0152\source\R5T.T0152\R5T.T0152.csproj", "{80E70AC4-D00C-487A-A24F-B5B42709F264}"
EndProject
Project("{9A19103F-16F7-4668-BE54-9A1E7A4F7556}") = "R5T.Z0010", "..\..\R5T.Z0010\source\R5T.Z0010\R5T.Z0010.csproj", "{5988DA70-BAFA-46FB-87D8-DE7FDA6731DD}"
EndProject
Project("{9A19103F-16F7-4668-BE54-9A1E7A4F7556}") = "R5T.Z0011", "..\..\R5T.Z0011\source\R5T.Z0011\R5T.Z0011.csproj", "{23F8803F-82C5-4FE8-A624-4E83692E9B40}"
EndProject
Project("{9A19103F-16F7-4668-BE54-9A1E7A4F7556}") = "R5T.Z0012", "..\..\R5T.Z0012\source\R5T.Z0012\R5T.Z0012.csproj", "{88746AD4-70EE-41F6-B8FA-2BF27A2DB21B}"
EndProject
Project("{9A19103F-16F7-4668-BE54-9A1E7A4F7556}") = "R5T.Z0039", "..\..\R5T.Z0039.Private\source\R5T.Z0039\R5T.Z0039.csproj", "{806598B5-9B97-46FD-AFD3-9DBEE0F2EA08}"
EndProject
Project("{9A19103F-16F7-4668-BE54-9A1E7A4F7556}") = "R5T.Z0030.Z001", "..\..\R5T.Z0030\source\R5T.Z0030.Z001\R5T.Z0030.Z001.csproj", "{C4C5F99A-83D8-482D-9746-BECAA763D276}"
EndProject
Project("{9A19103F-16F7-4668-BE54-9A1E7A4F7556}") = "R5T.Z0030", "..\..\R5T.Z0030\source\R5T.Z0030\R5T.Z0030.csproj", "{DC16DCC8-9B6C-46FE-9C2D-83AAE205361F}"
EndProject
Project("{9A19103F-16F7-4668-BE54-9A1E7A4F7556}") = "R5T.T0141", "..\..\R5T.T0141\source\R5T.T0141\R5T.T0141.csproj", "{6093EC8F-D72B-468F-BDDB-A9CCAA0AC8FB}"
EndProject
Project("{9A19103F-16F7-4668-BE54-9A1E7A4F7556}") = "R5T.T0162.Z000", "..\..\R5T.T0162\source\R5T.T0162.Z000\R5T.T0162.Z000.csproj", "{549E54DD-7F03-43B8-AF49-B12674A1E21A}"
EndProject
Project("{9A19103F-16F7-4668-BE54-9A1E7A4F7556}") = "R5T.T0162.F001", "..\..\R5T.T0162\source\R5T.T0162.F001\R5T.T0162.F001.csproj", "{7087BE5F-1ACF-42B8-8EC7-EC5566D2B1C3}"
EndProject
Global
	GlobalSection(NestedProjects) = preSolution
		{DE6690CE-4AAF-418E-B701-670F93F42BDF} = {90565B0A-5093-4CCD-A2D2-1A1E9CBF55B5}
		{730A423A-C07F-4619-BA8A-AD4C02C94526} = {90565B0A-5093-4CCD-A2D2-1A1E9CBF55B5}
		{C724EBD1-D503-408C-93CA-65ED519F38A2} = {90565B0A-5093-4CCD-A2D2-1A1E9CBF55B5}
		{DAFF3AD4-04BE-4296-A953-5275143AC52E} = {90565B0A-5093-4CCD-A2D2-1A1E9CBF55B5}
		{6B37E1B9-9BAC-40CF-9817-67A94464A479} = {90565B0A-5093-4CCD-A2D2-1A1E9CBF55B5}
		{F65CD5FA-7570-48B3-93CA-9242F8AF1CCB} = {90565B0A-5093-4CCD-A2D2-1A1E9CBF55B5}
		{C25FCEE3-4E18-4E18-8CCD-3B5695D339C6} = {90565B0A-5093-4CCD-A2D2-1A1E9CBF55B5}
		{8CC16D43-8AEE-4F05-B9AE-AF93E3D75C82} = {90565B0A-5093-4CCD-A2D2-1A1E9CBF55B5}
		{47DEF697-BF13-456C-A355-B452596B20D1} = {90565B0A-5093-4CCD-A2D2-1A1E9CBF55B5}
		{B8CDB681-925C-44FF-AAF7-337ED1E5BD9B} = {90565B0A-5093-4CCD-A2D2-1A1E9CBF55B5}
		{68114996-9261-4203-8EEC-0C027BE9A942} = {90565B0A-5093-4CCD-A2D2-1A1E9CBF55B5}
		{4A922E87-D059-496E-BC50-1302BE8B9561} = {90565B0A-5093-4CCD-A2D2-1A1E9CBF55B5}
		{A24D628A-629E-463F-AAFF-FACB57228493} = {90565B0A-5093-4CCD-A2D2-1A1E9CBF55B5}
		{806DB0FB-9B7C-447A-A2A3-7C392508D857} = {90565B0A-5093-4CCD-A2D2-1A1E9CBF55B5}
		{8F7FCFDD-A0C9-4D79-9860-48C3F0C97234} = {90565B0A-5093-4CCD-A2D2-1A1E9CBF55B5}
		{C35F6F12-4EE7-48D2-95DB-E2BCBCD76938} = {90565B0A-5093-4CCD-A2D2-1A1E9CBF55B5}
		{4AB6A1CC-430B-433E-86D3-710F50657AAE} = {90565B0A-5093-4CCD-A2D2-1A1E9CBF55B5}
		{33A39418-E034-454B-A5B3-7704115D4985} = {90565B0A-5093-4CCD-A2D2-1A1E9CBF55B5}
		{BE84163D-7D73-44FA-B6AF-9EBD65D9EDEA} = {90565B0A-5093-4CCD-A2D2-1A1E9CBF55B5}
		{F496E43E-58CD-47D8-B55F-FE8C81819054} = {90565B0A-5093-4CCD-A2D2-1A1E9CBF55B5}
		{0653E0DF-A737-4265-B3BD-1310C96BDB5C} = {90565B0A-5093-4CCD-A2D2-1A1E9CBF55B5}
		{8DA553DC-D4A4-4EDE-87DC-A967DA685669} = {90565B0A-5093-4CCD-A2D2-1A1E9CBF55B5}
		{7396646F-0AEE-433E-A69D-8B0155AE517D} = {90565B0A-5093-4CCD-A2D2-1A1E9CBF55B5}
		{D9024958-2115-41E0-A439-2331E2B4D208} = {90565B0A-5093-4CCD-A2D2-1A1E9CBF55B5}
		{E5AA4F9F-E01B-4997-BD8E-D90CCD9D4E0D} = {90565B0A-5093-4CCD-A2D2-1A1E9CBF55B5}
		{E931D4FA-6472-44F2-B339-D728DFA479F0} = {90565B0A-5093-4CCD-A2D2-1A1E9CBF55B5}
		{C2380F35-EDA1-4922-A851-56A17665C6EE} = {90565B0A-5093-4CCD-A2D2-1A1E9CBF55B5}
		{1A7D211D-B098-4E9D-8AA2-EB26E2E90752} = {90565B0A-5093-4CCD-A2D2-1A1E9CBF55B5}
		{1E241C40-E0B6-4758-B36D-9249A14EEFAF} = {90565B0A-5093-4CCD-A2D2-1A1E9CBF55B5}
		{264B8E1A-8993-4269-A204-DD762E334924} = {90565B0A-5093-4CCD-A2D2-1A1E9CBF55B5}
		{DA3AB152-3AD7-49FC-A060-D96F2D241A3E} = {90565B0A-5093-4CCD-A2D2-1A1E9CBF55B5}
		{B1560407-1E34-48A4-93DB-7C312FF75124} = {90565B0A-5093-4CCD-A2D2-1A1E9CBF55B5}
		{64854F06-DB32-4423-B2FD-627A1C6A7D31} = {90565B0A-5093-4CCD-A2D2-1A1E9CBF55B5}
		{2485D492-C103-4324-B979-FA542E2DC79B} = {90565B0A-5093-4CCD-A2D2-1A1E9CBF55B5}
		{2A75DE73-609C-4072-B664-8454DCE978AC} = {90565B0A-5093-4CCD-A2D2-1A1E9CBF55B5}
		{B4809813-D167-4CC1-90FD-A6E247A0BEAD} = {90565B0A-5093-4CCD-A2D2-1A1E9CBF55B5}
		{CCF2037B-9561-4FB9-892B-09F5A52CBAB7} = {90565B0A-5093-4CCD-A2D2-1A1E9CBF55B5}
		{ADDC3282-0531-4AB0-B69A-C37C419B146A} = {90565B0A-5093-4CCD-A2D2-1A1E9CBF55B5}
		{E34F3BF5-59AF-45E9-9827-9C554DA27910} = {90565B0A-5093-4CCD-A2D2-1A1E9CBF55B5}
		{F0E537CB-48AF-494A-B67F-4AB9327488CC} = {90565B0A-5093-4CCD-A2D2-1A1E9CBF55B5}
		{F10520C9-321D-4D4C-9D71-6B452DBF6F39} = {90565B0A-5093-4CCD-A2D2-1A1E9CBF55B5}
		{603FBC62-1D90-4BA0-9AAF-55DC53CE0F1B} = {90565B0A-5093-4CCD-A2D2-1A1E9CBF55B5}
		{10495A26-7E52-4B8D-820B-BF8E7EFC4EFB} = {90565B0A-5093-4CCD-A2D2-1A1E9CBF55B5}
		{FB52AFA7-A8C7-40C0-9323-37C8CF08C83A} = {90565B0A-5093-4CCD-A2D2-1A1E9CBF55B5}
		{1D08B487-9E61-496B-B049-20B0DCCCD828} = {90565B0A-5093-4CCD-A2D2-1A1E9CBF55B5}
		{DEA25B6D-D3CF-4251-AB3F-3BC44C06DA5F} = {90565B0A-5093-4CCD-A2D2-1A1E9CBF55B5}
		{F38B3213-ACCA-499A-9174-23BD94D09055} = {90565B0A-5093-4CCD-A2D2-1A1E9CBF55B5}
		{2D21A0D9-9C9D-47EF-B890-F3F107CA5989} = {90565B0A-5093-4CCD-A2D2-1A1E9CBF55B5}
		{4816BCE8-F5D2-4E97-8E2F-0A4346B7FA0C} = {90565B0A-5093-4CCD-A2D2-1A1E9CBF55B5}
		{849B5377-E330-4AAD-9E0B-6F8CD0A09467} = {90565B0A-5093-4CCD-A2D2-1A1E9CBF55B5}
		{753A2B35-9C9C-42A9-BAFB-0938804FBD6C} = {90565B0A-5093-4CCD-A2D2-1A1E9CBF55B5}
		{22EAD0B9-716C-469B-89E6-4EA0D47009D8} = {90565B0A-5093-4CCD-A2D2-1A1E9CBF55B5}
		{118DABE5-D4FF-4A26-9E18-FCD9C19219BB} = {90565B0A-5093-4CCD-A2D2-1A1E9CBF55B5}
		{D57AFB41-E31C-4C88-AD7F-28113807540D} = {90565B0A-5093-4CCD-A2D2-1A1E9CBF55B5}
		{ABDCFC3F-C2BC-465E-8BDB-6D6B75E8961B} = {90565B0A-5093-4CCD-A2D2-1A1E9CBF55B5}
		{4988B986-3554-4701-91E8-9EACE3180997} = {90565B0A-5093-4CCD-A2D2-1A1E9CBF55B5}
		{8F731847-6E7E-46B3-B7B4-7C44F3BE07B9} = {90565B0A-5093-4CCD-A2D2-1A1E9CBF55B5}
		{1E78A585-FB2D-42A7-990F-EB90643F6B55} = {90565B0A-5093-4CCD-A2D2-1A1E9CBF55B5}
		{5DF99CF4-C28D-40FC-8EF3-2B624E557284} = {90565B0A-5093-4CCD-A2D2-1A1E9CBF55B5}
		{D79434A9-9E1D-40C4-811E-18B9069ECFE3} = {90565B0A-5093-4CCD-A2D2-1A1E9CBF55B5}
		{F0949EBC-0AF5-4C15-862A-23CC515F8F73} = {90565B0A-5093-4CCD-A2D2-1A1E9CBF55B5}
		{1AB92E2C-E2B3-478F-A73A-627988EC52F8} = {90565B0A-5093-4CCD-A2D2-1A1E9CBF55B5}
		{3B5F0452-453B-4CC3-8BB8-33A4198BFD37} = {90565B0A-5093-4CCD-A2D2-1A1E9CBF55B5}
		{2CBB0D8F-2B05-4D02-8ACC-C952BAD9896D} = {90565B0A-5093-4CCD-A2D2-1A1E9CBF55B5}
		{E1117128-80EB-4A30-8E8B-65E5F889F5E2} = {90565B0A-5093-4CCD-A2D2-1A1E9CBF55B5}
		{A28F95E7-C2F8-417B-B083-0C25436BBDA9} = {90565B0A-5093-4CCD-A2D2-1A1E9CBF55B5}
		{9EB26742-9FE1-46F7-B982-F4D80B8BC54C} = {90565B0A-5093-4CCD-A2D2-1A1E9CBF55B5}
		{5A8BA4CA-6978-4BCA-865D-AE0074875086} = {90565B0A-5093-4CCD-A2D2-1A1E9CBF55B5}
		{6C69FFEE-BAA8-40CB-8BF7-CB43CA716962} = {90565B0A-5093-4CCD-A2D2-1A1E9CBF55B5}
		{CFC89BE0-D24A-4F19-9175-514C40892763} = {90565B0A-5093-4CCD-A2D2-1A1E9CBF55B5}
		{A498473A-767D-44D6-9183-162D4F518952} = {90565B0A-5093-4CCD-A2D2-1A1E9CBF55B5}
		{8BF4C8B6-45EF-48AE-826E-A9308999D725} = {90565B0A-5093-4CCD-A2D2-1A1E9CBF55B5}
		{190C2583-2DDC-4B71-A0C3-29F7792AD279} = {90565B0A-5093-4CCD-A2D2-1A1E9CBF55B5}
		{096A9ED8-8704-4664-ADBE-0E7E24407D64} = {90565B0A-5093-4CCD-A2D2-1A1E9CBF55B5}
		{1805A76B-C070-424F-BD8A-13445CA2A03D} = {90565B0A-5093-4CCD-A2D2-1A1E9CBF55B5}
		{2F810BB1-6424-4CCB-8FAE-F82948D3D9A5} = {90565B0A-5093-4CCD-A2D2-1A1E9CBF55B5}
		{488F824C-A15D-4071-9704-A1080751841C} = {90565B0A-5093-4CCD-A2D2-1A1E9CBF55B5}
		{5181DDB9-9FF1-4AF6-80E5-641F380429BA} = {90565B0A-5093-4CCD-A2D2-1A1E9CBF55B5}
		{477926EB-8303-45FF-8032-AE3DEB411A13} = {90565B0A-5093-4CCD-A2D2-1A1E9CBF55B5}
		{75CE259F-E954-443E-B742-1C26AA4A2D38} = {90565B0A-5093-4CCD-A2D2-1A1E9CBF55B5}
		{DCAC3CEC-F4E2-4DEE-ACAD-C3310C7FA741} = {90565B0A-5093-4CCD-A2D2-1A1E9CBF55B5}
		{C720B07E-2C7B-4B84-94EF-167D1261227D} = {90565B0A-5093-4CCD-A2D2-1A1E9CBF55B5}
		{F8B12DAD-49B6-417C-B397-A4CA1349EA71} = {90565B0A-5093-4CCD-A2D2-1A1E9CBF55B5}
		{B1D568C7-0F3C-4288-A270-EFD97F09C5E5} = {90565B0A-5093-4CCD-A2D2-1A1E9CBF55B5}
		{0C6A8692-92A0-4B96-A948-99ACACBDDBE9} = {90565B0A-5093-4CCD-A2D2-1A1E9CBF55B5}
		{3F36D5AF-4215-41FB-86CF-3F5BD8D3A79D} = {90565B0A-5093-4CCD-A2D2-1A1E9CBF55B5}
		{80E70AC4-D00C-487A-A24F-B5B42709F264} = {90565B0A-5093-4CCD-A2D2-1A1E9CBF55B5}
		{5988DA70-BAFA-46FB-87D8-DE7FDA6731DD} = {90565B0A-5093-4CCD-A2D2-1A1E9CBF55B5}
		{23F8803F-82C5-4FE8-A624-4E83692E9B40} = {90565B0A-5093-4CCD-A2D2-1A1E9CBF55B5}
		{88746AD4-70EE-41F6-B8FA-2BF27A2DB21B} = {90565B0A-5093-4CCD-A2D2-1A1E9CBF55B5}
		{806598B5-9B97-46FD-AFD3-9DBEE0F2EA08} = {90565B0A-5093-4CCD-A2D2-1A1E9CBF55B5}
		{C4C5F99A-83D8-482D-9746-BECAA763D276} = {90565B0A-5093-4CCD-A2D2-1A1E9CBF55B5}
		{DC16DCC8-9B6C-46FE-9C2D-83AAE205361F} = {90565B0A-5093-4CCD-A2D2-1A1E9CBF55B5}
		{6093EC8F-D72B-468F-BDDB-A9CCAA0AC8FB} = {90565B0A-5093-4CCD-A2D2-1A1E9CBF55B5}
		{549E54DD-7F03-43B8-AF49-B12674A1E21A} = {90565B0A-5093-4CCD-A2D2-1A1E9CBF55B5}
		{7087BE5F-1ACF-42B8-8EC7-EC5566D2B1C3} = {90565B0A-5093-4CCD-A2D2-1A1E9CBF55B5}
	EndGlobalSection
	GlobalSection(SolutionConfigurationPlatforms) = preSolution
		Debug|Any CPU = Debug|Any CPU
		Release|Any CPU = Release|Any CPU
	EndGlobalSection
	GlobalSection(ProjectConfigurationPlatforms) = postSolution
		{8C9BEC8B-B8CD-4054-9C3E-011A5ABD13B0}.Debug|Any CPU.ActiveCfg = Debug|Any CPU
		{8C9BEC8B-B8CD-4054-9C3E-011A5ABD13B0}.Debug|Any CPU.Build.0 = Debug|Any CPU
		{8C9BEC8B-B8CD-4054-9C3E-011A5ABD13B0}.Release|Any CPU.ActiveCfg = Release|Any CPU
		{8C9BEC8B-B8CD-4054-9C3E-011A5ABD13B0}.Release|Any CPU.Build.0 = Release|Any CPU
		{DE6690CE-4AAF-418E-B701-670F93F42BDF}.Debug|Any CPU.ActiveCfg = Debug|Any CPU
		{DE6690CE-4AAF-418E-B701-670F93F42BDF}.Debug|Any CPU.Build.0 = Debug|Any CPU
		{DE6690CE-4AAF-418E-B701-670F93F42BDF}.Release|Any CPU.ActiveCfg = Release|Any CPU
		{DE6690CE-4AAF-418E-B701-670F93F42BDF}.Release|Any CPU.Build.0 = Release|Any CPU
		{730A423A-C07F-4619-BA8A-AD4C02C94526}.Debug|Any CPU.ActiveCfg = Debug|Any CPU
		{730A423A-C07F-4619-BA8A-AD4C02C94526}.Debug|Any CPU.Build.0 = Debug|Any CPU
		{730A423A-C07F-4619-BA8A-AD4C02C94526}.Release|Any CPU.ActiveCfg = Release|Any CPU
		{730A423A-C07F-4619-BA8A-AD4C02C94526}.Release|Any CPU.Build.0 = Release|Any CPU
		{C724EBD1-D503-408C-93CA-65ED519F38A2}.Debug|Any CPU.ActiveCfg = Debug|Any CPU
		{C724EBD1-D503-408C-93CA-65ED519F38A2}.Debug|Any CPU.Build.0 = Debug|Any CPU
		{C724EBD1-D503-408C-93CA-65ED519F38A2}.Release|Any CPU.ActiveCfg = Release|Any CPU
		{C724EBD1-D503-408C-93CA-65ED519F38A2}.Release|Any CPU.Build.0 = Release|Any CPU
		{DAFF3AD4-04BE-4296-A953-5275143AC52E}.Debug|Any CPU.ActiveCfg = Debug|Any CPU
		{DAFF3AD4-04BE-4296-A953-5275143AC52E}.Debug|Any CPU.Build.0 = Debug|Any CPU
		{DAFF3AD4-04BE-4296-A953-5275143AC52E}.Release|Any CPU.ActiveCfg = Release|Any CPU
		{DAFF3AD4-04BE-4296-A953-5275143AC52E}.Release|Any CPU.Build.0 = Release|Any CPU
		{6B37E1B9-9BAC-40CF-9817-67A94464A479}.Debug|Any CPU.ActiveCfg = Debug|Any CPU
		{6B37E1B9-9BAC-40CF-9817-67A94464A479}.Debug|Any CPU.Build.0 = Debug|Any CPU
		{6B37E1B9-9BAC-40CF-9817-67A94464A479}.Release|Any CPU.ActiveCfg = Release|Any CPU
		{6B37E1B9-9BAC-40CF-9817-67A94464A479}.Release|Any CPU.Build.0 = Release|Any CPU
		{F65CD5FA-7570-48B3-93CA-9242F8AF1CCB}.Debug|Any CPU.ActiveCfg = Debug|Any CPU
		{F65CD5FA-7570-48B3-93CA-9242F8AF1CCB}.Debug|Any CPU.Build.0 = Debug|Any CPU
		{F65CD5FA-7570-48B3-93CA-9242F8AF1CCB}.Release|Any CPU.ActiveCfg = Release|Any CPU
		{F65CD5FA-7570-48B3-93CA-9242F8AF1CCB}.Release|Any CPU.Build.0 = Release|Any CPU
		{C25FCEE3-4E18-4E18-8CCD-3B5695D339C6}.Debug|Any CPU.ActiveCfg = Debug|Any CPU
		{C25FCEE3-4E18-4E18-8CCD-3B5695D339C6}.Debug|Any CPU.Build.0 = Debug|Any CPU
		{C25FCEE3-4E18-4E18-8CCD-3B5695D339C6}.Release|Any CPU.ActiveCfg = Release|Any CPU
		{C25FCEE3-4E18-4E18-8CCD-3B5695D339C6}.Release|Any CPU.Build.0 = Release|Any CPU
		{8CC16D43-8AEE-4F05-B9AE-AF93E3D75C82}.Debug|Any CPU.ActiveCfg = Debug|Any CPU
		{8CC16D43-8AEE-4F05-B9AE-AF93E3D75C82}.Debug|Any CPU.Build.0 = Debug|Any CPU
		{8CC16D43-8AEE-4F05-B9AE-AF93E3D75C82}.Release|Any CPU.ActiveCfg = Release|Any CPU
		{8CC16D43-8AEE-4F05-B9AE-AF93E3D75C82}.Release|Any CPU.Build.0 = Release|Any CPU
		{47DEF697-BF13-456C-A355-B452596B20D1}.Debug|Any CPU.ActiveCfg = Debug|Any CPU
		{47DEF697-BF13-456C-A355-B452596B20D1}.Debug|Any CPU.Build.0 = Debug|Any CPU
		{47DEF697-BF13-456C-A355-B452596B20D1}.Release|Any CPU.ActiveCfg = Release|Any CPU
		{47DEF697-BF13-456C-A355-B452596B20D1}.Release|Any CPU.Build.0 = Release|Any CPU
		{B8CDB681-925C-44FF-AAF7-337ED1E5BD9B}.Debug|Any CPU.ActiveCfg = Debug|Any CPU
		{B8CDB681-925C-44FF-AAF7-337ED1E5BD9B}.Debug|Any CPU.Build.0 = Debug|Any CPU
		{B8CDB681-925C-44FF-AAF7-337ED1E5BD9B}.Release|Any CPU.ActiveCfg = Release|Any CPU
		{B8CDB681-925C-44FF-AAF7-337ED1E5BD9B}.Release|Any CPU.Build.0 = Release|Any CPU
		{68114996-9261-4203-8EEC-0C027BE9A942}.Debug|Any CPU.ActiveCfg = Debug|Any CPU
		{68114996-9261-4203-8EEC-0C027BE9A942}.Debug|Any CPU.Build.0 = Debug|Any CPU
		{68114996-9261-4203-8EEC-0C027BE9A942}.Release|Any CPU.ActiveCfg = Release|Any CPU
		{68114996-9261-4203-8EEC-0C027BE9A942}.Release|Any CPU.Build.0 = Release|Any CPU
		{4A922E87-D059-496E-BC50-1302BE8B9561}.Debug|Any CPU.ActiveCfg = Debug|Any CPU
		{4A922E87-D059-496E-BC50-1302BE8B9561}.Debug|Any CPU.Build.0 = Debug|Any CPU
		{4A922E87-D059-496E-BC50-1302BE8B9561}.Release|Any CPU.ActiveCfg = Release|Any CPU
		{4A922E87-D059-496E-BC50-1302BE8B9561}.Release|Any CPU.Build.0 = Release|Any CPU
		{A24D628A-629E-463F-AAFF-FACB57228493}.Debug|Any CPU.ActiveCfg = Debug|Any CPU
		{A24D628A-629E-463F-AAFF-FACB57228493}.Debug|Any CPU.Build.0 = Debug|Any CPU
		{A24D628A-629E-463F-AAFF-FACB57228493}.Release|Any CPU.ActiveCfg = Release|Any CPU
		{A24D628A-629E-463F-AAFF-FACB57228493}.Release|Any CPU.Build.0 = Release|Any CPU
		{806DB0FB-9B7C-447A-A2A3-7C392508D857}.Debug|Any CPU.ActiveCfg = Debug|Any CPU
		{806DB0FB-9B7C-447A-A2A3-7C392508D857}.Debug|Any CPU.Build.0 = Debug|Any CPU
		{806DB0FB-9B7C-447A-A2A3-7C392508D857}.Release|Any CPU.ActiveCfg = Release|Any CPU
		{806DB0FB-9B7C-447A-A2A3-7C392508D857}.Release|Any CPU.Build.0 = Release|Any CPU
		{8F7FCFDD-A0C9-4D79-9860-48C3F0C97234}.Debug|Any CPU.ActiveCfg = Debug|Any CPU
		{8F7FCFDD-A0C9-4D79-9860-48C3F0C97234}.Debug|Any CPU.Build.0 = Debug|Any CPU
		{8F7FCFDD-A0C9-4D79-9860-48C3F0C97234}.Release|Any CPU.ActiveCfg = Release|Any CPU
		{8F7FCFDD-A0C9-4D79-9860-48C3F0C97234}.Release|Any CPU.Build.0 = Release|Any CPU
		{C35F6F12-4EE7-48D2-95DB-E2BCBCD76938}.Debug|Any CPU.ActiveCfg = Debug|Any CPU
		{C35F6F12-4EE7-48D2-95DB-E2BCBCD76938}.Debug|Any CPU.Build.0 = Debug|Any CPU
		{C35F6F12-4EE7-48D2-95DB-E2BCBCD76938}.Release|Any CPU.ActiveCfg = Release|Any CPU
		{C35F6F12-4EE7-48D2-95DB-E2BCBCD76938}.Release|Any CPU.Build.0 = Release|Any CPU
		{4AB6A1CC-430B-433E-86D3-710F50657AAE}.Debug|Any CPU.ActiveCfg = Debug|Any CPU
		{4AB6A1CC-430B-433E-86D3-710F50657AAE}.Debug|Any CPU.Build.0 = Debug|Any CPU
		{4AB6A1CC-430B-433E-86D3-710F50657AAE}.Release|Any CPU.ActiveCfg = Release|Any CPU
		{4AB6A1CC-430B-433E-86D3-710F50657AAE}.Release|Any CPU.Build.0 = Release|Any CPU
		{33A39418-E034-454B-A5B3-7704115D4985}.Debug|Any CPU.ActiveCfg = Debug|Any CPU
		{33A39418-E034-454B-A5B3-7704115D4985}.Debug|Any CPU.Build.0 = Debug|Any CPU
		{33A39418-E034-454B-A5B3-7704115D4985}.Release|Any CPU.ActiveCfg = Release|Any CPU
		{33A39418-E034-454B-A5B3-7704115D4985}.Release|Any CPU.Build.0 = Release|Any CPU
		{BE84163D-7D73-44FA-B6AF-9EBD65D9EDEA}.Debug|Any CPU.ActiveCfg = Debug|Any CPU
		{BE84163D-7D73-44FA-B6AF-9EBD65D9EDEA}.Debug|Any CPU.Build.0 = Debug|Any CPU
		{BE84163D-7D73-44FA-B6AF-9EBD65D9EDEA}.Release|Any CPU.ActiveCfg = Release|Any CPU
		{BE84163D-7D73-44FA-B6AF-9EBD65D9EDEA}.Release|Any CPU.Build.0 = Release|Any CPU
		{F496E43E-58CD-47D8-B55F-FE8C81819054}.Debug|Any CPU.ActiveCfg = Debug|Any CPU
		{F496E43E-58CD-47D8-B55F-FE8C81819054}.Debug|Any CPU.Build.0 = Debug|Any CPU
		{F496E43E-58CD-47D8-B55F-FE8C81819054}.Release|Any CPU.ActiveCfg = Release|Any CPU
		{F496E43E-58CD-47D8-B55F-FE8C81819054}.Release|Any CPU.Build.0 = Release|Any CPU
		{0653E0DF-A737-4265-B3BD-1310C96BDB5C}.Debug|Any CPU.ActiveCfg = Debug|Any CPU
		{0653E0DF-A737-4265-B3BD-1310C96BDB5C}.Debug|Any CPU.Build.0 = Debug|Any CPU
		{0653E0DF-A737-4265-B3BD-1310C96BDB5C}.Release|Any CPU.ActiveCfg = Release|Any CPU
		{0653E0DF-A737-4265-B3BD-1310C96BDB5C}.Release|Any CPU.Build.0 = Release|Any CPU
		{8DA553DC-D4A4-4EDE-87DC-A967DA685669}.Debug|Any CPU.ActiveCfg = Debug|Any CPU
		{8DA553DC-D4A4-4EDE-87DC-A967DA685669}.Debug|Any CPU.Build.0 = Debug|Any CPU
		{8DA553DC-D4A4-4EDE-87DC-A967DA685669}.Release|Any CPU.ActiveCfg = Release|Any CPU
		{8DA553DC-D4A4-4EDE-87DC-A967DA685669}.Release|Any CPU.Build.0 = Release|Any CPU
		{7396646F-0AEE-433E-A69D-8B0155AE517D}.Debug|Any CPU.ActiveCfg = Debug|Any CPU
		{7396646F-0AEE-433E-A69D-8B0155AE517D}.Debug|Any CPU.Build.0 = Debug|Any CPU
		{7396646F-0AEE-433E-A69D-8B0155AE517D}.Release|Any CPU.ActiveCfg = Release|Any CPU
		{7396646F-0AEE-433E-A69D-8B0155AE517D}.Release|Any CPU.Build.0 = Release|Any CPU
		{D9024958-2115-41E0-A439-2331E2B4D208}.Debug|Any CPU.ActiveCfg = Debug|Any CPU
		{D9024958-2115-41E0-A439-2331E2B4D208}.Debug|Any CPU.Build.0 = Debug|Any CPU
		{D9024958-2115-41E0-A439-2331E2B4D208}.Release|Any CPU.ActiveCfg = Release|Any CPU
		{D9024958-2115-41E0-A439-2331E2B4D208}.Release|Any CPU.Build.0 = Release|Any CPU
		{E5AA4F9F-E01B-4997-BD8E-D90CCD9D4E0D}.Debug|Any CPU.ActiveCfg = Debug|Any CPU
		{E5AA4F9F-E01B-4997-BD8E-D90CCD9D4E0D}.Debug|Any CPU.Build.0 = Debug|Any CPU
		{E5AA4F9F-E01B-4997-BD8E-D90CCD9D4E0D}.Release|Any CPU.ActiveCfg = Release|Any CPU
		{E5AA4F9F-E01B-4997-BD8E-D90CCD9D4E0D}.Release|Any CPU.Build.0 = Release|Any CPU
		{E931D4FA-6472-44F2-B339-D728DFA479F0}.Debug|Any CPU.ActiveCfg = Debug|Any CPU
		{E931D4FA-6472-44F2-B339-D728DFA479F0}.Debug|Any CPU.Build.0 = Debug|Any CPU
		{E931D4FA-6472-44F2-B339-D728DFA479F0}.Release|Any CPU.ActiveCfg = Release|Any CPU
		{E931D4FA-6472-44F2-B339-D728DFA479F0}.Release|Any CPU.Build.0 = Release|Any CPU
		{C2380F35-EDA1-4922-A851-56A17665C6EE}.Debug|Any CPU.ActiveCfg = Debug|Any CPU
		{C2380F35-EDA1-4922-A851-56A17665C6EE}.Debug|Any CPU.Build.0 = Debug|Any CPU
		{C2380F35-EDA1-4922-A851-56A17665C6EE}.Release|Any CPU.ActiveCfg = Release|Any CPU
		{C2380F35-EDA1-4922-A851-56A17665C6EE}.Release|Any CPU.Build.0 = Release|Any CPU
		{1A7D211D-B098-4E9D-8AA2-EB26E2E90752}.Debug|Any CPU.ActiveCfg = Debug|Any CPU
		{1A7D211D-B098-4E9D-8AA2-EB26E2E90752}.Debug|Any CPU.Build.0 = Debug|Any CPU
		{1A7D211D-B098-4E9D-8AA2-EB26E2E90752}.Release|Any CPU.ActiveCfg = Release|Any CPU
		{1A7D211D-B098-4E9D-8AA2-EB26E2E90752}.Release|Any CPU.Build.0 = Release|Any CPU
		{1E241C40-E0B6-4758-B36D-9249A14EEFAF}.Debug|Any CPU.ActiveCfg = Debug|Any CPU
		{1E241C40-E0B6-4758-B36D-9249A14EEFAF}.Debug|Any CPU.Build.0 = Debug|Any CPU
		{1E241C40-E0B6-4758-B36D-9249A14EEFAF}.Release|Any CPU.ActiveCfg = Release|Any CPU
		{1E241C40-E0B6-4758-B36D-9249A14EEFAF}.Release|Any CPU.Build.0 = Release|Any CPU
		{264B8E1A-8993-4269-A204-DD762E334924}.Debug|Any CPU.ActiveCfg = Debug|Any CPU
		{264B8E1A-8993-4269-A204-DD762E334924}.Debug|Any CPU.Build.0 = Debug|Any CPU
		{264B8E1A-8993-4269-A204-DD762E334924}.Release|Any CPU.ActiveCfg = Release|Any CPU
		{264B8E1A-8993-4269-A204-DD762E334924}.Release|Any CPU.Build.0 = Release|Any CPU
		{DA3AB152-3AD7-49FC-A060-D96F2D241A3E}.Debug|Any CPU.ActiveCfg = Debug|Any CPU
		{DA3AB152-3AD7-49FC-A060-D96F2D241A3E}.Debug|Any CPU.Build.0 = Debug|Any CPU
		{DA3AB152-3AD7-49FC-A060-D96F2D241A3E}.Release|Any CPU.ActiveCfg = Release|Any CPU
		{DA3AB152-3AD7-49FC-A060-D96F2D241A3E}.Release|Any CPU.Build.0 = Release|Any CPU
		{B1560407-1E34-48A4-93DB-7C312FF75124}.Debug|Any CPU.ActiveCfg = Debug|Any CPU
		{B1560407-1E34-48A4-93DB-7C312FF75124}.Debug|Any CPU.Build.0 = Debug|Any CPU
		{B1560407-1E34-48A4-93DB-7C312FF75124}.Release|Any CPU.ActiveCfg = Release|Any CPU
		{B1560407-1E34-48A4-93DB-7C312FF75124}.Release|Any CPU.Build.0 = Release|Any CPU
		{64854F06-DB32-4423-B2FD-627A1C6A7D31}.Debug|Any CPU.ActiveCfg = Debug|Any CPU
		{64854F06-DB32-4423-B2FD-627A1C6A7D31}.Debug|Any CPU.Build.0 = Debug|Any CPU
		{64854F06-DB32-4423-B2FD-627A1C6A7D31}.Release|Any CPU.ActiveCfg = Release|Any CPU
		{64854F06-DB32-4423-B2FD-627A1C6A7D31}.Release|Any CPU.Build.0 = Release|Any CPU
		{2485D492-C103-4324-B979-FA542E2DC79B}.Debug|Any CPU.ActiveCfg = Debug|Any CPU
		{2485D492-C103-4324-B979-FA542E2DC79B}.Debug|Any CPU.Build.0 = Debug|Any CPU
		{2485D492-C103-4324-B979-FA542E2DC79B}.Release|Any CPU.ActiveCfg = Release|Any CPU
		{2485D492-C103-4324-B979-FA542E2DC79B}.Release|Any CPU.Build.0 = Release|Any CPU
		{2A75DE73-609C-4072-B664-8454DCE978AC}.Debug|Any CPU.ActiveCfg = Debug|Any CPU
		{2A75DE73-609C-4072-B664-8454DCE978AC}.Debug|Any CPU.Build.0 = Debug|Any CPU
		{2A75DE73-609C-4072-B664-8454DCE978AC}.Release|Any CPU.ActiveCfg = Release|Any CPU
		{2A75DE73-609C-4072-B664-8454DCE978AC}.Release|Any CPU.Build.0 = Release|Any CPU
		{B4809813-D167-4CC1-90FD-A6E247A0BEAD}.Debug|Any CPU.ActiveCfg = Debug|Any CPU
		{B4809813-D167-4CC1-90FD-A6E247A0BEAD}.Debug|Any CPU.Build.0 = Debug|Any CPU
		{B4809813-D167-4CC1-90FD-A6E247A0BEAD}.Release|Any CPU.ActiveCfg = Release|Any CPU
		{B4809813-D167-4CC1-90FD-A6E247A0BEAD}.Release|Any CPU.Build.0 = Release|Any CPU
		{CCF2037B-9561-4FB9-892B-09F5A52CBAB7}.Debug|Any CPU.ActiveCfg = Debug|Any CPU
		{CCF2037B-9561-4FB9-892B-09F5A52CBAB7}.Debug|Any CPU.Build.0 = Debug|Any CPU
		{CCF2037B-9561-4FB9-892B-09F5A52CBAB7}.Release|Any CPU.ActiveCfg = Release|Any CPU
		{CCF2037B-9561-4FB9-892B-09F5A52CBAB7}.Release|Any CPU.Build.0 = Release|Any CPU
		{ADDC3282-0531-4AB0-B69A-C37C419B146A}.Debug|Any CPU.ActiveCfg = Debug|Any CPU
		{ADDC3282-0531-4AB0-B69A-C37C419B146A}.Debug|Any CPU.Build.0 = Debug|Any CPU
		{ADDC3282-0531-4AB0-B69A-C37C419B146A}.Release|Any CPU.ActiveCfg = Release|Any CPU
		{ADDC3282-0531-4AB0-B69A-C37C419B146A}.Release|Any CPU.Build.0 = Release|Any CPU
		{E34F3BF5-59AF-45E9-9827-9C554DA27910}.Debug|Any CPU.ActiveCfg = Debug|Any CPU
		{E34F3BF5-59AF-45E9-9827-9C554DA27910}.Debug|Any CPU.Build.0 = Debug|Any CPU
		{E34F3BF5-59AF-45E9-9827-9C554DA27910}.Release|Any CPU.ActiveCfg = Release|Any CPU
		{E34F3BF5-59AF-45E9-9827-9C554DA27910}.Release|Any CPU.Build.0 = Release|Any CPU
		{F0E537CB-48AF-494A-B67F-4AB9327488CC}.Debug|Any CPU.ActiveCfg = Debug|Any CPU
		{F0E537CB-48AF-494A-B67F-4AB9327488CC}.Debug|Any CPU.Build.0 = Debug|Any CPU
		{F0E537CB-48AF-494A-B67F-4AB9327488CC}.Release|Any CPU.ActiveCfg = Release|Any CPU
		{F0E537CB-48AF-494A-B67F-4AB9327488CC}.Release|Any CPU.Build.0 = Release|Any CPU
		{F10520C9-321D-4D4C-9D71-6B452DBF6F39}.Debug|Any CPU.ActiveCfg = Debug|Any CPU
		{F10520C9-321D-4D4C-9D71-6B452DBF6F39}.Debug|Any CPU.Build.0 = Debug|Any CPU
		{F10520C9-321D-4D4C-9D71-6B452DBF6F39}.Release|Any CPU.ActiveCfg = Release|Any CPU
		{F10520C9-321D-4D4C-9D71-6B452DBF6F39}.Release|Any CPU.Build.0 = Release|Any CPU
		{603FBC62-1D90-4BA0-9AAF-55DC53CE0F1B}.Debug|Any CPU.ActiveCfg = Debug|Any CPU
		{603FBC62-1D90-4BA0-9AAF-55DC53CE0F1B}.Debug|Any CPU.Build.0 = Debug|Any CPU
		{603FBC62-1D90-4BA0-9AAF-55DC53CE0F1B}.Release|Any CPU.ActiveCfg = Release|Any CPU
		{603FBC62-1D90-4BA0-9AAF-55DC53CE0F1B}.Release|Any CPU.Build.0 = Release|Any CPU
		{10495A26-7E52-4B8D-820B-BF8E7EFC4EFB}.Debug|Any CPU.ActiveCfg = Debug|Any CPU
		{10495A26-7E52-4B8D-820B-BF8E7EFC4EFB}.Debug|Any CPU.Build.0 = Debug|Any CPU
		{10495A26-7E52-4B8D-820B-BF8E7EFC4EFB}.Release|Any CPU.ActiveCfg = Release|Any CPU
		{10495A26-7E52-4B8D-820B-BF8E7EFC4EFB}.Release|Any CPU.Build.0 = Release|Any CPU
		{FB52AFA7-A8C7-40C0-9323-37C8CF08C83A}.Debug|Any CPU.ActiveCfg = Debug|Any CPU
		{FB52AFA7-A8C7-40C0-9323-37C8CF08C83A}.Debug|Any CPU.Build.0 = Debug|Any CPU
		{FB52AFA7-A8C7-40C0-9323-37C8CF08C83A}.Release|Any CPU.ActiveCfg = Release|Any CPU
		{FB52AFA7-A8C7-40C0-9323-37C8CF08C83A}.Release|Any CPU.Build.0 = Release|Any CPU
		{1D08B487-9E61-496B-B049-20B0DCCCD828}.Debug|Any CPU.ActiveCfg = Debug|Any CPU
		{1D08B487-9E61-496B-B049-20B0DCCCD828}.Debug|Any CPU.Build.0 = Debug|Any CPU
		{1D08B487-9E61-496B-B049-20B0DCCCD828}.Release|Any CPU.ActiveCfg = Release|Any CPU
		{1D08B487-9E61-496B-B049-20B0DCCCD828}.Release|Any CPU.Build.0 = Release|Any CPU
		{DEA25B6D-D3CF-4251-AB3F-3BC44C06DA5F}.Debug|Any CPU.ActiveCfg = Debug|Any CPU
		{DEA25B6D-D3CF-4251-AB3F-3BC44C06DA5F}.Debug|Any CPU.Build.0 = Debug|Any CPU
		{DEA25B6D-D3CF-4251-AB3F-3BC44C06DA5F}.Release|Any CPU.ActiveCfg = Release|Any CPU
		{DEA25B6D-D3CF-4251-AB3F-3BC44C06DA5F}.Release|Any CPU.Build.0 = Release|Any CPU
		{F38B3213-ACCA-499A-9174-23BD94D09055}.Debug|Any CPU.ActiveCfg = Debug|Any CPU
		{F38B3213-ACCA-499A-9174-23BD94D09055}.Debug|Any CPU.Build.0 = Debug|Any CPU
		{F38B3213-ACCA-499A-9174-23BD94D09055}.Release|Any CPU.ActiveCfg = Release|Any CPU
		{F38B3213-ACCA-499A-9174-23BD94D09055}.Release|Any CPU.Build.0 = Release|Any CPU
		{2D21A0D9-9C9D-47EF-B890-F3F107CA5989}.Debug|Any CPU.ActiveCfg = Debug|Any CPU
		{2D21A0D9-9C9D-47EF-B890-F3F107CA5989}.Debug|Any CPU.Build.0 = Debug|Any CPU
		{2D21A0D9-9C9D-47EF-B890-F3F107CA5989}.Release|Any CPU.ActiveCfg = Release|Any CPU
		{2D21A0D9-9C9D-47EF-B890-F3F107CA5989}.Release|Any CPU.Build.0 = Release|Any CPU
		{4816BCE8-F5D2-4E97-8E2F-0A4346B7FA0C}.Debug|Any CPU.ActiveCfg = Debug|Any CPU
		{4816BCE8-F5D2-4E97-8E2F-0A4346B7FA0C}.Debug|Any CPU.Build.0 = Debug|Any CPU
		{4816BCE8-F5D2-4E97-8E2F-0A4346B7FA0C}.Release|Any CPU.ActiveCfg = Release|Any CPU
		{4816BCE8-F5D2-4E97-8E2F-0A4346B7FA0C}.Release|Any CPU.Build.0 = Release|Any CPU
		{849B5377-E330-4AAD-9E0B-6F8CD0A09467}.Debug|Any CPU.ActiveCfg = Debug|Any CPU
		{849B5377-E330-4AAD-9E0B-6F8CD0A09467}.Debug|Any CPU.Build.0 = Debug|Any CPU
		{849B5377-E330-4AAD-9E0B-6F8CD0A09467}.Release|Any CPU.ActiveCfg = Release|Any CPU
		{849B5377-E330-4AAD-9E0B-6F8CD0A09467}.Release|Any CPU.Build.0 = Release|Any CPU
		{753A2B35-9C9C-42A9-BAFB-0938804FBD6C}.Debug|Any CPU.ActiveCfg = Debug|Any CPU
		{753A2B35-9C9C-42A9-BAFB-0938804FBD6C}.Debug|Any CPU.Build.0 = Debug|Any CPU
		{753A2B35-9C9C-42A9-BAFB-0938804FBD6C}.Release|Any CPU.ActiveCfg = Release|Any CPU
		{753A2B35-9C9C-42A9-BAFB-0938804FBD6C}.Release|Any CPU.Build.0 = Release|Any CPU
		{22EAD0B9-716C-469B-89E6-4EA0D47009D8}.Debug|Any CPU.ActiveCfg = Debug|Any CPU
		{22EAD0B9-716C-469B-89E6-4EA0D47009D8}.Debug|Any CPU.Build.0 = Debug|Any CPU
		{22EAD0B9-716C-469B-89E6-4EA0D47009D8}.Release|Any CPU.ActiveCfg = Release|Any CPU
		{22EAD0B9-716C-469B-89E6-4EA0D47009D8}.Release|Any CPU.Build.0 = Release|Any CPU
		{118DABE5-D4FF-4A26-9E18-FCD9C19219BB}.Debug|Any CPU.ActiveCfg = Debug|Any CPU
		{118DABE5-D4FF-4A26-9E18-FCD9C19219BB}.Debug|Any CPU.Build.0 = Debug|Any CPU
		{118DABE5-D4FF-4A26-9E18-FCD9C19219BB}.Release|Any CPU.ActiveCfg = Release|Any CPU
		{118DABE5-D4FF-4A26-9E18-FCD9C19219BB}.Release|Any CPU.Build.0 = Release|Any CPU
		{D57AFB41-E31C-4C88-AD7F-28113807540D}.Debug|Any CPU.ActiveCfg = Debug|Any CPU
		{D57AFB41-E31C-4C88-AD7F-28113807540D}.Debug|Any CPU.Build.0 = Debug|Any CPU
		{D57AFB41-E31C-4C88-AD7F-28113807540D}.Release|Any CPU.ActiveCfg = Release|Any CPU
		{D57AFB41-E31C-4C88-AD7F-28113807540D}.Release|Any CPU.Build.0 = Release|Any CPU
		{ABDCFC3F-C2BC-465E-8BDB-6D6B75E8961B}.Debug|Any CPU.ActiveCfg = Debug|Any CPU
		{ABDCFC3F-C2BC-465E-8BDB-6D6B75E8961B}.Debug|Any CPU.Build.0 = Debug|Any CPU
		{ABDCFC3F-C2BC-465E-8BDB-6D6B75E8961B}.Release|Any CPU.ActiveCfg = Release|Any CPU
		{ABDCFC3F-C2BC-465E-8BDB-6D6B75E8961B}.Release|Any CPU.Build.0 = Release|Any CPU
		{4988B986-3554-4701-91E8-9EACE3180997}.Debug|Any CPU.ActiveCfg = Debug|Any CPU
		{4988B986-3554-4701-91E8-9EACE3180997}.Debug|Any CPU.Build.0 = Debug|Any CPU
		{4988B986-3554-4701-91E8-9EACE3180997}.Release|Any CPU.ActiveCfg = Release|Any CPU
		{4988B986-3554-4701-91E8-9EACE3180997}.Release|Any CPU.Build.0 = Release|Any CPU
		{8F731847-6E7E-46B3-B7B4-7C44F3BE07B9}.Debug|Any CPU.ActiveCfg = Debug|Any CPU
		{8F731847-6E7E-46B3-B7B4-7C44F3BE07B9}.Debug|Any CPU.Build.0 = Debug|Any CPU
		{8F731847-6E7E-46B3-B7B4-7C44F3BE07B9}.Release|Any CPU.ActiveCfg = Release|Any CPU
		{8F731847-6E7E-46B3-B7B4-7C44F3BE07B9}.Release|Any CPU.Build.0 = Release|Any CPU
		{1E78A585-FB2D-42A7-990F-EB90643F6B55}.Debug|Any CPU.ActiveCfg = Debug|Any CPU
		{1E78A585-FB2D-42A7-990F-EB90643F6B55}.Debug|Any CPU.Build.0 = Debug|Any CPU
		{1E78A585-FB2D-42A7-990F-EB90643F6B55}.Release|Any CPU.ActiveCfg = Release|Any CPU
		{1E78A585-FB2D-42A7-990F-EB90643F6B55}.Release|Any CPU.Build.0 = Release|Any CPU
		{5DF99CF4-C28D-40FC-8EF3-2B624E557284}.Debug|Any CPU.ActiveCfg = Debug|Any CPU
		{5DF99CF4-C28D-40FC-8EF3-2B624E557284}.Debug|Any CPU.Build.0 = Debug|Any CPU
		{5DF99CF4-C28D-40FC-8EF3-2B624E557284}.Release|Any CPU.ActiveCfg = Release|Any CPU
		{5DF99CF4-C28D-40FC-8EF3-2B624E557284}.Release|Any CPU.Build.0 = Release|Any CPU
		{D79434A9-9E1D-40C4-811E-18B9069ECFE3}.Debug|Any CPU.ActiveCfg = Debug|Any CPU
		{D79434A9-9E1D-40C4-811E-18B9069ECFE3}.Debug|Any CPU.Build.0 = Debug|Any CPU
		{D79434A9-9E1D-40C4-811E-18B9069ECFE3}.Release|Any CPU.ActiveCfg = Release|Any CPU
		{D79434A9-9E1D-40C4-811E-18B9069ECFE3}.Release|Any CPU.Build.0 = Release|Any CPU
		{F0949EBC-0AF5-4C15-862A-23CC515F8F73}.Debug|Any CPU.ActiveCfg = Debug|Any CPU
		{F0949EBC-0AF5-4C15-862A-23CC515F8F73}.Debug|Any CPU.Build.0 = Debug|Any CPU
		{F0949EBC-0AF5-4C15-862A-23CC515F8F73}.Release|Any CPU.ActiveCfg = Release|Any CPU
		{F0949EBC-0AF5-4C15-862A-23CC515F8F73}.Release|Any CPU.Build.0 = Release|Any CPU
		{1AB92E2C-E2B3-478F-A73A-627988EC52F8}.Debug|Any CPU.ActiveCfg = Debug|Any CPU
		{1AB92E2C-E2B3-478F-A73A-627988EC52F8}.Debug|Any CPU.Build.0 = Debug|Any CPU
		{1AB92E2C-E2B3-478F-A73A-627988EC52F8}.Release|Any CPU.ActiveCfg = Release|Any CPU
		{1AB92E2C-E2B3-478F-A73A-627988EC52F8}.Release|Any CPU.Build.0 = Release|Any CPU
		{3B5F0452-453B-4CC3-8BB8-33A4198BFD37}.Debug|Any CPU.ActiveCfg = Debug|Any CPU
		{3B5F0452-453B-4CC3-8BB8-33A4198BFD37}.Debug|Any CPU.Build.0 = Debug|Any CPU
		{3B5F0452-453B-4CC3-8BB8-33A4198BFD37}.Release|Any CPU.ActiveCfg = Release|Any CPU
		{3B5F0452-453B-4CC3-8BB8-33A4198BFD37}.Release|Any CPU.Build.0 = Release|Any CPU
		{2CBB0D8F-2B05-4D02-8ACC-C952BAD9896D}.Debug|Any CPU.ActiveCfg = Debug|Any CPU
		{2CBB0D8F-2B05-4D02-8ACC-C952BAD9896D}.Debug|Any CPU.Build.0 = Debug|Any CPU
		{2CBB0D8F-2B05-4D02-8ACC-C952BAD9896D}.Release|Any CPU.ActiveCfg = Release|Any CPU
		{2CBB0D8F-2B05-4D02-8ACC-C952BAD9896D}.Release|Any CPU.Build.0 = Release|Any CPU
		{E1117128-80EB-4A30-8E8B-65E5F889F5E2}.Debug|Any CPU.ActiveCfg = Debug|Any CPU
		{E1117128-80EB-4A30-8E8B-65E5F889F5E2}.Debug|Any CPU.Build.0 = Debug|Any CPU
		{E1117128-80EB-4A30-8E8B-65E5F889F5E2}.Release|Any CPU.ActiveCfg = Release|Any CPU
		{E1117128-80EB-4A30-8E8B-65E5F889F5E2}.Release|Any CPU.Build.0 = Release|Any CPU
		{A28F95E7-C2F8-417B-B083-0C25436BBDA9}.Debug|Any CPU.ActiveCfg = Debug|Any CPU
		{A28F95E7-C2F8-417B-B083-0C25436BBDA9}.Debug|Any CPU.Build.0 = Debug|Any CPU
		{A28F95E7-C2F8-417B-B083-0C25436BBDA9}.Release|Any CPU.ActiveCfg = Release|Any CPU
		{A28F95E7-C2F8-417B-B083-0C25436BBDA9}.Release|Any CPU.Build.0 = Release|Any CPU
		{9EB26742-9FE1-46F7-B982-F4D80B8BC54C}.Debug|Any CPU.ActiveCfg = Debug|Any CPU
		{9EB26742-9FE1-46F7-B982-F4D80B8BC54C}.Debug|Any CPU.Build.0 = Debug|Any CPU
		{9EB26742-9FE1-46F7-B982-F4D80B8BC54C}.Release|Any CPU.ActiveCfg = Release|Any CPU
		{9EB26742-9FE1-46F7-B982-F4D80B8BC54C}.Release|Any CPU.Build.0 = Release|Any CPU
		{5A8BA4CA-6978-4BCA-865D-AE0074875086}.Debug|Any CPU.ActiveCfg = Debug|Any CPU
		{5A8BA4CA-6978-4BCA-865D-AE0074875086}.Debug|Any CPU.Build.0 = Debug|Any CPU
		{5A8BA4CA-6978-4BCA-865D-AE0074875086}.Release|Any CPU.ActiveCfg = Release|Any CPU
		{5A8BA4CA-6978-4BCA-865D-AE0074875086}.Release|Any CPU.Build.0 = Release|Any CPU
		{6C69FFEE-BAA8-40CB-8BF7-CB43CA716962}.Debug|Any CPU.ActiveCfg = Debug|Any CPU
		{6C69FFEE-BAA8-40CB-8BF7-CB43CA716962}.Debug|Any CPU.Build.0 = Debug|Any CPU
		{6C69FFEE-BAA8-40CB-8BF7-CB43CA716962}.Release|Any CPU.ActiveCfg = Release|Any CPU
		{6C69FFEE-BAA8-40CB-8BF7-CB43CA716962}.Release|Any CPU.Build.0 = Release|Any CPU
		{CFC89BE0-D24A-4F19-9175-514C40892763}.Debug|Any CPU.ActiveCfg = Debug|Any CPU
		{CFC89BE0-D24A-4F19-9175-514C40892763}.Debug|Any CPU.Build.0 = Debug|Any CPU
		{CFC89BE0-D24A-4F19-9175-514C40892763}.Release|Any CPU.ActiveCfg = Release|Any CPU
		{CFC89BE0-D24A-4F19-9175-514C40892763}.Release|Any CPU.Build.0 = Release|Any CPU
		{A498473A-767D-44D6-9183-162D4F518952}.Debug|Any CPU.ActiveCfg = Debug|Any CPU
		{A498473A-767D-44D6-9183-162D4F518952}.Debug|Any CPU.Build.0 = Debug|Any CPU
		{A498473A-767D-44D6-9183-162D4F518952}.Release|Any CPU.ActiveCfg = Release|Any CPU
		{A498473A-767D-44D6-9183-162D4F518952}.Release|Any CPU.Build.0 = Release|Any CPU
		{8BF4C8B6-45EF-48AE-826E-A9308999D725}.Debug|Any CPU.ActiveCfg = Debug|Any CPU
		{8BF4C8B6-45EF-48AE-826E-A9308999D725}.Debug|Any CPU.Build.0 = Debug|Any CPU
		{8BF4C8B6-45EF-48AE-826E-A9308999D725}.Release|Any CPU.ActiveCfg = Release|Any CPU
		{8BF4C8B6-45EF-48AE-826E-A9308999D725}.Release|Any CPU.Build.0 = Release|Any CPU
		{190C2583-2DDC-4B71-A0C3-29F7792AD279}.Debug|Any CPU.ActiveCfg = Debug|Any CPU
		{190C2583-2DDC-4B71-A0C3-29F7792AD279}.Debug|Any CPU.Build.0 = Debug|Any CPU
		{190C2583-2DDC-4B71-A0C3-29F7792AD279}.Release|Any CPU.ActiveCfg = Release|Any CPU
		{190C2583-2DDC-4B71-A0C3-29F7792AD279}.Release|Any CPU.Build.0 = Release|Any CPU
		{096A9ED8-8704-4664-ADBE-0E7E24407D64}.Debug|Any CPU.ActiveCfg = Debug|Any CPU
		{096A9ED8-8704-4664-ADBE-0E7E24407D64}.Debug|Any CPU.Build.0 = Debug|Any CPU
		{096A9ED8-8704-4664-ADBE-0E7E24407D64}.Release|Any CPU.ActiveCfg = Release|Any CPU
		{096A9ED8-8704-4664-ADBE-0E7E24407D64}.Release|Any CPU.Build.0 = Release|Any CPU
		{1805A76B-C070-424F-BD8A-13445CA2A03D}.Debug|Any CPU.ActiveCfg = Debug|Any CPU
		{1805A76B-C070-424F-BD8A-13445CA2A03D}.Debug|Any CPU.Build.0 = Debug|Any CPU
		{1805A76B-C070-424F-BD8A-13445CA2A03D}.Release|Any CPU.ActiveCfg = Release|Any CPU
		{1805A76B-C070-424F-BD8A-13445CA2A03D}.Release|Any CPU.Build.0 = Release|Any CPU
		{2F810BB1-6424-4CCB-8FAE-F82948D3D9A5}.Debug|Any CPU.ActiveCfg = Debug|Any CPU
		{2F810BB1-6424-4CCB-8FAE-F82948D3D9A5}.Debug|Any CPU.Build.0 = Debug|Any CPU
		{2F810BB1-6424-4CCB-8FAE-F82948D3D9A5}.Release|Any CPU.ActiveCfg = Release|Any CPU
		{2F810BB1-6424-4CCB-8FAE-F82948D3D9A5}.Release|Any CPU.Build.0 = Release|Any CPU
		{488F824C-A15D-4071-9704-A1080751841C}.Debug|Any CPU.ActiveCfg = Debug|Any CPU
		{488F824C-A15D-4071-9704-A1080751841C}.Debug|Any CPU.Build.0 = Debug|Any CPU
		{488F824C-A15D-4071-9704-A1080751841C}.Release|Any CPU.ActiveCfg = Release|Any CPU
		{488F824C-A15D-4071-9704-A1080751841C}.Release|Any CPU.Build.0 = Release|Any CPU
		{5181DDB9-9FF1-4AF6-80E5-641F380429BA}.Debug|Any CPU.ActiveCfg = Debug|Any CPU
		{5181DDB9-9FF1-4AF6-80E5-641F380429BA}.Debug|Any CPU.Build.0 = Debug|Any CPU
		{5181DDB9-9FF1-4AF6-80E5-641F380429BA}.Release|Any CPU.ActiveCfg = Release|Any CPU
		{5181DDB9-9FF1-4AF6-80E5-641F380429BA}.Release|Any CPU.Build.0 = Release|Any CPU
		{477926EB-8303-45FF-8032-AE3DEB411A13}.Debug|Any CPU.ActiveCfg = Debug|Any CPU
		{477926EB-8303-45FF-8032-AE3DEB411A13}.Debug|Any CPU.Build.0 = Debug|Any CPU
		{477926EB-8303-45FF-8032-AE3DEB411A13}.Release|Any CPU.ActiveCfg = Release|Any CPU
		{477926EB-8303-45FF-8032-AE3DEB411A13}.Release|Any CPU.Build.0 = Release|Any CPU
		{75CE259F-E954-443E-B742-1C26AA4A2D38}.Debug|Any CPU.ActiveCfg = Debug|Any CPU
		{75CE259F-E954-443E-B742-1C26AA4A2D38}.Debug|Any CPU.Build.0 = Debug|Any CPU
		{75CE259F-E954-443E-B742-1C26AA4A2D38}.Release|Any CPU.ActiveCfg = Release|Any CPU
		{75CE259F-E954-443E-B742-1C26AA4A2D38}.Release|Any CPU.Build.0 = Release|Any CPU
		{DCAC3CEC-F4E2-4DEE-ACAD-C3310C7FA741}.Debug|Any CPU.ActiveCfg = Debug|Any CPU
		{DCAC3CEC-F4E2-4DEE-ACAD-C3310C7FA741}.Debug|Any CPU.Build.0 = Debug|Any CPU
		{DCAC3CEC-F4E2-4DEE-ACAD-C3310C7FA741}.Release|Any CPU.ActiveCfg = Release|Any CPU
		{DCAC3CEC-F4E2-4DEE-ACAD-C3310C7FA741}.Release|Any CPU.Build.0 = Release|Any CPU
		{C720B07E-2C7B-4B84-94EF-167D1261227D}.Debug|Any CPU.ActiveCfg = Debug|Any CPU
		{C720B07E-2C7B-4B84-94EF-167D1261227D}.Debug|Any CPU.Build.0 = Debug|Any CPU
		{C720B07E-2C7B-4B84-94EF-167D1261227D}.Release|Any CPU.ActiveCfg = Release|Any CPU
		{C720B07E-2C7B-4B84-94EF-167D1261227D}.Release|Any CPU.Build.0 = Release|Any CPU
		{F8B12DAD-49B6-417C-B397-A4CA1349EA71}.Debug|Any CPU.ActiveCfg = Debug|Any CPU
		{F8B12DAD-49B6-417C-B397-A4CA1349EA71}.Debug|Any CPU.Build.0 = Debug|Any CPU
		{F8B12DAD-49B6-417C-B397-A4CA1349EA71}.Release|Any CPU.ActiveCfg = Release|Any CPU
		{F8B12DAD-49B6-417C-B397-A4CA1349EA71}.Release|Any CPU.Build.0 = Release|Any CPU
		{B1D568C7-0F3C-4288-A270-EFD97F09C5E5}.Debug|Any CPU.ActiveCfg = Debug|Any CPU
		{B1D568C7-0F3C-4288-A270-EFD97F09C5E5}.Debug|Any CPU.Build.0 = Debug|Any CPU
		{B1D568C7-0F3C-4288-A270-EFD97F09C5E5}.Release|Any CPU.ActiveCfg = Release|Any CPU
		{B1D568C7-0F3C-4288-A270-EFD97F09C5E5}.Release|Any CPU.Build.0 = Release|Any CPU
		{0C6A8692-92A0-4B96-A948-99ACACBDDBE9}.Debug|Any CPU.ActiveCfg = Debug|Any CPU
		{0C6A8692-92A0-4B96-A948-99ACACBDDBE9}.Debug|Any CPU.Build.0 = Debug|Any CPU
		{0C6A8692-92A0-4B96-A948-99ACACBDDBE9}.Release|Any CPU.ActiveCfg = Release|Any CPU
		{0C6A8692-92A0-4B96-A948-99ACACBDDBE9}.Release|Any CPU.Build.0 = Release|Any CPU
		{3F36D5AF-4215-41FB-86CF-3F5BD8D3A79D}.Debug|Any CPU.ActiveCfg = Debug|Any CPU
		{3F36D5AF-4215-41FB-86CF-3F5BD8D3A79D}.Debug|Any CPU.Build.0 = Debug|Any CPU
		{3F36D5AF-4215-41FB-86CF-3F5BD8D3A79D}.Release|Any CPU.ActiveCfg = Release|Any CPU
		{3F36D5AF-4215-41FB-86CF-3F5BD8D3A79D}.Release|Any CPU.Build.0 = Release|Any CPU
		{80E70AC4-D00C-487A-A24F-B5B42709F264}.Debug|Any CPU.ActiveCfg = Debug|Any CPU
		{80E70AC4-D00C-487A-A24F-B5B42709F264}.Debug|Any CPU.Build.0 = Debug|Any CPU
		{80E70AC4-D00C-487A-A24F-B5B42709F264}.Release|Any CPU.ActiveCfg = Release|Any CPU
		{80E70AC4-D00C-487A-A24F-B5B42709F264}.Release|Any CPU.Build.0 = Release|Any CPU
		{5988DA70-BAFA-46FB-87D8-DE7FDA6731DD}.Debug|Any CPU.ActiveCfg = Debug|Any CPU
		{5988DA70-BAFA-46FB-87D8-DE7FDA6731DD}.Debug|Any CPU.Build.0 = Debug|Any CPU
		{5988DA70-BAFA-46FB-87D8-DE7FDA6731DD}.Release|Any CPU.ActiveCfg = Release|Any CPU
		{5988DA70-BAFA-46FB-87D8-DE7FDA6731DD}.Release|Any CPU.Build.0 = Release|Any CPU
		{23F8803F-82C5-4FE8-A624-4E83692E9B40}.Debug|Any CPU.ActiveCfg = Debug|Any CPU
		{23F8803F-82C5-4FE8-A624-4E83692E9B40}.Debug|Any CPU.Build.0 = Debug|Any CPU
		{23F8803F-82C5-4FE8-A624-4E83692E9B40}.Release|Any CPU.ActiveCfg = Release|Any CPU
		{23F8803F-82C5-4FE8-A624-4E83692E9B40}.Release|Any CPU.Build.0 = Release|Any CPU
		{88746AD4-70EE-41F6-B8FA-2BF27A2DB21B}.Debug|Any CPU.ActiveCfg = Debug|Any CPU
		{88746AD4-70EE-41F6-B8FA-2BF27A2DB21B}.Debug|Any CPU.Build.0 = Debug|Any CPU
		{88746AD4-70EE-41F6-B8FA-2BF27A2DB21B}.Release|Any CPU.ActiveCfg = Release|Any CPU
		{88746AD4-70EE-41F6-B8FA-2BF27A2DB21B}.Release|Any CPU.Build.0 = Release|Any CPU
		{806598B5-9B97-46FD-AFD3-9DBEE0F2EA08}.Debug|Any CPU.ActiveCfg = Debug|Any CPU
		{806598B5-9B97-46FD-AFD3-9DBEE0F2EA08}.Debug|Any CPU.Build.0 = Debug|Any CPU
		{806598B5-9B97-46FD-AFD3-9DBEE0F2EA08}.Release|Any CPU.ActiveCfg = Release|Any CPU
		{806598B5-9B97-46FD-AFD3-9DBEE0F2EA08}.Release|Any CPU.Build.0 = Release|Any CPU
		{C4C5F99A-83D8-482D-9746-BECAA763D276}.Debug|Any CPU.ActiveCfg = Debug|Any CPU
		{C4C5F99A-83D8-482D-9746-BECAA763D276}.Debug|Any CPU.Build.0 = Debug|Any CPU
		{C4C5F99A-83D8-482D-9746-BECAA763D276}.Release|Any CPU.ActiveCfg = Release|Any CPU
		{C4C5F99A-83D8-482D-9746-BECAA763D276}.Release|Any CPU.Build.0 = Release|Any CPU
		{DC16DCC8-9B6C-46FE-9C2D-83AAE205361F}.Debug|Any CPU.ActiveCfg = Debug|Any CPU
		{DC16DCC8-9B6C-46FE-9C2D-83AAE205361F}.Debug|Any CPU.Build.0 = Debug|Any CPU
		{DC16DCC8-9B6C-46FE-9C2D-83AAE205361F}.Release|Any CPU.ActiveCfg = Release|Any CPU
		{DC16DCC8-9B6C-46FE-9C2D-83AAE205361F}.Release|Any CPU.Build.0 = Release|Any CPU
		{6093EC8F-D72B-468F-BDDB-A9CCAA0AC8FB}.Debug|Any CPU.ActiveCfg = Debug|Any CPU
		{6093EC8F-D72B-468F-BDDB-A9CCAA0AC8FB}.Debug|Any CPU.Build.0 = Debug|Any CPU
		{6093EC8F-D72B-468F-BDDB-A9CCAA0AC8FB}.Release|Any CPU.ActiveCfg = Release|Any CPU
		{6093EC8F-D72B-468F-BDDB-A9CCAA0AC8FB}.Release|Any CPU.Build.0 = Release|Any CPU
		{549E54DD-7F03-43B8-AF49-B12674A1E21A}.Debug|Any CPU.ActiveCfg = Debug|Any CPU
		{549E54DD-7F03-43B8-AF49-B12674A1E21A}.Debug|Any CPU.Build.0 = Debug|Any CPU
		{549E54DD-7F03-43B8-AF49-B12674A1E21A}.Release|Any CPU.ActiveCfg = Release|Any CPU
		{549E54DD-7F03-43B8-AF49-B12674A1E21A}.Release|Any CPU.Build.0 = Release|Any CPU
		{7087BE5F-1ACF-42B8-8EC7-EC5566D2B1C3}.Debug|Any CPU.ActiveCfg = Debug|Any CPU
		{7087BE5F-1ACF-42B8-8EC7-EC5566D2B1C3}.Debug|Any CPU.Build.0 = Debug|Any CPU
		{7087BE5F-1ACF-42B8-8EC7-EC5566D2B1C3}.Release|Any CPU.ActiveCfg = Release|Any CPU
		{7087BE5F-1ACF-42B8-8EC7-EC5566D2B1C3}.Release|Any CPU.Build.0 = Release|Any CPU
	EndGlobalSection
	GlobalSection(SolutionProperties) = preSolution
		HideSolutionNode = FALSE
	EndGlobalSection
	GlobalSection(ExtensibilityGlobals) = postSolution
		SolutionGuid = {54A2E25F-C1AC-4271-9C73-263523A6827C}
	EndGlobalSection
EndGlobal
